# THIS IS AN AUTOGENERATED FILE. DO NOT EDIT THIS FILE DIRECTLY.
# yarn lockfile v1


react-required-if@^1.0.3:
  version "1.0.3"
  resolved "https://registry.yarnpkg.com/react-required-if/-/react-required-if-1.0.3.tgz#6a40a761b1d54815c1d4e6610910cbf92b5aa987"
  integrity sha512-MdbG9mGJVA12lV+jvsU/U6D50NrGfkL6Yvy132dLCUioOvDqemtbYAMTn2gIxS6cTVqqC50mL/37t0UosJkgiQ==
